
Microsoft Visual Studio Solution File, Format Version 12.00
# Visual Studio 15
VisualStudioVersion = 15.0.27130.2024
MinimumVisualStudioVersion = 10.0.40219.1
Project("{8BC9CEB8-8B4A-11D0-8D11-00A0C91BC942}") = "ws1_home", "ws1_home.vcxproj", "{60943060-5CF7-4834-9C09-80637B3AEF23}"
EndProject
Global
	GlobalSection(SolutionConfigurationPlatforms) = preSolution
		Debug|x64 = Debug|x64
		Debug|x86 = Debug|x86
		Release|x64 = Release|x64
		Release|x86 = Release|x86
	EndGlobalSection
	GlobalSection(ProjectConfigurationPlatforms) = postSolution
		{60943060-5CF7-4834-9C09-80637B3AEF23}.Debug|x64.ActiveCfg = Debug|x64
		{60943060-5CF7-4834-9C09-80637B3AEF23}.Debug|x64.Build.0 = Debug|x64
		{60943060-5CF7-4834-9C09-80637B3AEF23}.Debug|x86.ActiveCfg = Debug|Win32
		{60943060-5CF7-4834-9C09-80637B3AEF23}.Debug|x86.Build.0 = Debug|Win32
		{60943060-5CF7-4834-9C09-80637B3AEF23}.Release|x64.ActiveCfg = Release|x64
		{60943060-5CF7-4834-9C09-80637B3AEF23}.Release|x64.Build.0 = Release|x64
		{60943060-5CF7-4834-9C09-80637B3AEF23}.Release|x86.ActiveCfg = Release|Win32
		{60943060-5CF7-4834-9C09-80637B3AEF23}.Release|x86.Build.0 = Release|Win32
	EndGlobalSection
	GlobalSection(SolutionProperties) = preSolution
		HideSolutionNode = FALSE
	EndGlobalSection
	GlobalSection(ExtensibilityGlobals) = postSolution
		SolutionGuid = {8E2CF644-EBAE-4BD6-A619-703B1EE08254}
	EndGlobalSection
EndGlobal
